
Microsoft Visual Studio Solution File, Format Version 10.00
# Visual Studio 2008
Project("{8BC9CEB8-8B4A-11D0-8D11-00A0C91BC942}") = "ShowImage", "ShowImage.vcproj", "{0D056BA2-90C7-46DC-BCF3-57EA72690B6A}"
EndProject
Global
	GlobalSection(SolutionConfigurationPlatforms) = preSolution
		Debug|Win32 = Debug|Win32
		Release|Win32 = Release|Win32
	EndGlobalSection
	GlobalSection(ProjectConfigurationPlatforms) = postSolution
		{0D056BA2-90C7-46DC-BCF3-57EA72690B6A}.Debug|Win32.ActiveCfg = Debug|Win32
		{0D056BA2-90C7-46DC-BCF3-57EA72690B6A}.Debug|Win32.Build.0 = Debug|Win32
		{0D056BA2-90C7-46DC-BCF3-57EA72690B6A}.Release|Win32.ActiveCfg = Release|Win32
		{0D056BA2-90C7-46DC-BCF3-57EA72690B6A}.Release|Win32.Build.0 = Release|Win32
	EndGlobalSection
	GlobalSection(SolutionProperties) = preSolution
		HideSolutionNode = FALSE
	EndGlobalSection
EndGlobal
