
Microsoft Visual Studio Solution File, Format Version 10.00
# Visual Studio 2008
Project("{8BC9CEB8-8B4A-11D0-8D11-00A0C91BC942}") = "war3Tool", "war3Helper.vcproj", "{1042A8BA-5B37-4A1F-B959-8CC1F950DD0A}"
	ProjectSection(ProjectDependencies) = postProject
		{0705EBB7-30AA-4538-9853-D6F915AB45F8} = {0705EBB7-30AA-4538-9853-D6F915AB45F8}
	EndProjectSection
EndProject
Project("{8BC9CEB8-8B4A-11D0-8D11-00A0C91BC942}") = "pipilibrary", "..\pipilibrary\pipilibrary.vcproj", "{0705EBB7-30AA-4538-9853-D6F915AB45F8}"
EndProject
Project("{8BC9CEB8-8B4A-11D0-8D11-00A0C91BC942}") = "Update", "..\Update\Update.vcproj", "{AB43DC6B-7F45-4188-BEE7-2C8B9647B9DF}"
EndProject
Global
	GlobalSection(SolutionConfigurationPlatforms) = preSolution
		Debug|Win32 = Debug|Win32
		Release|Win32 = Release|Win32
	EndGlobalSection
	GlobalSection(ProjectConfigurationPlatforms) = postSolution
		{1042A8BA-5B37-4A1F-B959-8CC1F950DD0A}.Debug|Win32.ActiveCfg = Debug|Win32
		{1042A8BA-5B37-4A1F-B959-8CC1F950DD0A}.Debug|Win32.Build.0 = Debug|Win32
		{1042A8BA-5B37-4A1F-B959-8CC1F950DD0A}.Release|Win32.ActiveCfg = Release|Win32
		{1042A8BA-5B37-4A1F-B959-8CC1F950DD0A}.Release|Win32.Build.0 = Release|Win32
		{0705EBB7-30AA-4538-9853-D6F915AB45F8}.Debug|Win32.ActiveCfg = Debug|Win32
		{0705EBB7-30AA-4538-9853-D6F915AB45F8}.Debug|Win32.Build.0 = Debug|Win32
		{0705EBB7-30AA-4538-9853-D6F915AB45F8}.Release|Win32.ActiveCfg = Release|Win32
		{0705EBB7-30AA-4538-9853-D6F915AB45F8}.Release|Win32.Build.0 = Release|Win32
		{AB43DC6B-7F45-4188-BEE7-2C8B9647B9DF}.Debug|Win32.ActiveCfg = Debug|Win32
		{AB43DC6B-7F45-4188-BEE7-2C8B9647B9DF}.Debug|Win32.Build.0 = Debug|Win32
		{AB43DC6B-7F45-4188-BEE7-2C8B9647B9DF}.Release|Win32.ActiveCfg = Release|Win32
		{AB43DC6B-7F45-4188-BEE7-2C8B9647B9DF}.Release|Win32.Build.0 = Release|Win32
	EndGlobalSection
	GlobalSection(SolutionProperties) = preSolution
		HideSolutionNode = FALSE
	EndGlobalSection
EndGlobal
