
Microsoft Visual Studio Solution File, Format Version 10.00
# Visual Studio 2008
Project("{8BC9CEB8-8B4A-11D0-8D11-00A0C91BC942}") = "pipilibrary", "pipilibrary.vcproj", "{0705EBB7-30AA-4538-9853-D6F915AB45F8}"
EndProject
Project("{8BC9CEB8-8B4A-11D0-8D11-00A0C91BC942}") = "testlib", "..\testlib\testlib.vcproj", "{0EF21EE9-8FFA-4316-AB8E-3C0852E38789}"
EndProject
Global
	GlobalSection(SolutionConfigurationPlatforms) = preSolution
		Debug|Win32 = Debug|Win32
		Release|Win32 = Release|Win32
	EndGlobalSection
	GlobalSection(ProjectConfigurationPlatforms) = postSolution
		{0705EBB7-30AA-4538-9853-D6F915AB45F8}.Debug|Win32.ActiveCfg = Debug|Win32
		{0705EBB7-30AA-4538-9853-D6F915AB45F8}.Debug|Win32.Build.0 = Debug|Win32
		{0705EBB7-30AA-4538-9853-D6F915AB45F8}.Release|Win32.ActiveCfg = Release|Win32
		{0705EBB7-30AA-4538-9853-D6F915AB45F8}.Release|Win32.Build.0 = Release|Win32
		{0EF21EE9-8FFA-4316-AB8E-3C0852E38789}.Debug|Win32.ActiveCfg = Debug|Win32
		{0EF21EE9-8FFA-4316-AB8E-3C0852E38789}.Debug|Win32.Build.0 = Debug|Win32
		{0EF21EE9-8FFA-4316-AB8E-3C0852E38789}.Release|Win32.ActiveCfg = Release|Win32
		{0EF21EE9-8FFA-4316-AB8E-3C0852E38789}.Release|Win32.Build.0 = Release|Win32
	EndGlobalSection
	GlobalSection(SolutionProperties) = preSolution
		HideSolutionNode = FALSE
	EndGlobalSection
EndGlobal
